
Microsoft Visual Studio Solution File, Format Version 12.00
# Visual Studio 2012
Project("{FAE04EC0-301F-11D3-BF4B-00C04F79EFBC}") = "Demo1", "Demo1\Demo1.csproj", "{B53D6E7C-BCC5-424C-AF75-CEBA14EC1945}"
EndProject
Global
	GlobalSection(SolutionConfigurationPlatforms) = preSolution
		Debug|Any CPU = Debug|Any CPU
		Release|Any CPU = Release|Any CPU
	EndGlobalSection
	GlobalSection(ProjectConfigurationPlatforms) = postSolution
		{B53D6E7C-BCC5-424C-AF75-CEBA14EC1945}.Debug|Any CPU.ActiveCfg = Debug|Any CPU
		{B53D6E7C-BCC5-424C-AF75-CEBA14EC1945}.Debug|Any CPU.Build.0 = Debug|Any CPU
		{B53D6E7C-BCC5-424C-AF75-CEBA14EC1945}.Release|Any CPU.ActiveCfg = Release|Any CPU
		{B53D6E7C-BCC5-424C-AF75-CEBA14EC1945}.Release|Any CPU.Build.0 = Release|Any CPU
	EndGlobalSection
EndGlobal
